
Microsoft Visual Studio Solution File, Format Version 12.00
# Visual Studio 15
VisualStudioVersion = 15.0.28307.779
MinimumVisualStudioVersion = 10.0.40219.1
Project("{FAE04EC0-301F-11D3-BF4B-00C04F79EFBC}") = "LamQuenWpf", "LamQuenWpf\LamQuenWpf.csproj", "{9FCC65AA-4D00-4DC5-BB6C-A88D8423FA02}"
EndProject
Global
	GlobalSection(SolutionConfigurationPlatforms) = preSolution
		Debug|Any CPU = Debug|Any CPU
		Release|Any CPU = Release|Any CPU
	EndGlobalSection
	GlobalSection(ProjectConfigurationPlatforms) = postSolution
		{9FCC65AA-4D00-4DC5-BB6C-A88D8423FA02}.Debug|Any CPU.ActiveCfg = Debug|Any CPU
		{9FCC65AA-4D00-4DC5-BB6C-A88D8423FA02}.Debug|Any CPU.Build.0 = Debug|Any CPU
		{9FCC65AA-4D00-4DC5-BB6C-A88D8423FA02}.Release|Any CPU.ActiveCfg = Release|Any CPU
		{9FCC65AA-4D00-4DC5-BB6C-A88D8423FA02}.Release|Any CPU.Build.0 = Release|Any CPU
	EndGlobalSection
	GlobalSection(SolutionProperties) = preSolution
		HideSolutionNode = FALSE
	EndGlobalSection
	GlobalSection(ExtensibilityGlobals) = postSolution
		SolutionGuid = {52958BD1-57EB-4A14-8C63-76D3A2F5826E}
	EndGlobalSection
EndGlobal
